
Microsoft Visual Studio Solution File, Format Version 12.00
# Visual Studio 14
VisualStudioVersion = 14.0.25420.1
MinimumVisualStudioVersion = 10.0.40219.1
Project("{159641D6-6404-4A2A-AE62-294DE0FE8301}") = "DataMartETL", "DataMartETL\DataMartETL.dtproj", "{EF4BCA11-5F4C-41A5-A18B-FE87DB3BEBDA}"
EndProject
Global
	GlobalSection(SolutionConfigurationPlatforms) = preSolution
		Development|Default = Development|Default
	EndGlobalSection
	GlobalSection(ProjectConfigurationPlatforms) = postSolution
		{EF4BCA11-5F4C-41A5-A18B-FE87DB3BEBDA}.Development|Default.ActiveCfg = Development
		{EF4BCA11-5F4C-41A5-A18B-FE87DB3BEBDA}.Development|Default.Build.0 = Development
	EndGlobalSection
	GlobalSection(SolutionProperties) = preSolution
		HideSolutionNode = FALSE
	EndGlobalSection
EndGlobal
